
Microsoft Visual Studio Solution File, Format Version 12.00
# Visual Studio Version 16
VisualStudioVersion = 16.0.29920.165
MinimumVisualStudioVersion = 10.0.40219.1
Project("{9A19103F-16F7-4668-BE54-9A1E7A4F7556}") = "RunTeamConsole", "RunTeamConsole\RunTeamConsole.csproj", "{46AC6DBE-4558-46B7-A9D2-858EA972134C}"
EndProject
Global
	GlobalSection(SolutionConfigurationPlatforms) = preSolution
		Debug|Any CPU = Debug|Any CPU
		Release|Any CPU = Release|Any CPU
	EndGlobalSection
	GlobalSection(ProjectConfigurationPlatforms) = postSolution
		{46AC6DBE-4558-46B7-A9D2-858EA972134C}.Debug|Any CPU.ActiveCfg = Debug|Any CPU
		{46AC6DBE-4558-46B7-A9D2-858EA972134C}.Debug|Any CPU.Build.0 = Debug|Any CPU
		{46AC6DBE-4558-46B7-A9D2-858EA972134C}.Release|Any CPU.ActiveCfg = Release|Any CPU
		{46AC6DBE-4558-46B7-A9D2-858EA972134C}.Release|Any CPU.Build.0 = Release|Any CPU
	EndGlobalSection
	GlobalSection(SolutionProperties) = preSolution
		HideSolutionNode = FALSE
	EndGlobalSection
	GlobalSection(ExtensibilityGlobals) = postSolution
		SolutionGuid = {8681F401-890C-4318-944F-82BF8881DE4E}
	EndGlobalSection
EndGlobal
